{
    "name": "microweber-frontend-assets-libs",
    "version": "1.0.0",
    "lockfileVersion": 3,
    "requires": true,
    "packages": {
        "": {
            "name": "microweber-frontend-assets-libs",
            "version": "1.0.0",
            "dependencies": {
                "@mdi/font": "^7.4.47",
                "async-alpine": "^2.0.1",
                "bootstrap-datepicker": "^1.10.0",
                "bxslider": "^4.2.17",
                "codemirror": "^5.65.18",
                "dompurify": "^3.2.6",
                "easymde": "^2.18.0",
                "flag-icons": "^7.2.3",
                "fs-extra": "^11.2.0",
                "highlight.js": "^11.10.0",
                "jquery": "^3.7.1",
                "jquery-ui": "^1.13.3",
                "masonry-layout": "^4.2.2",
                "material-icons": "^1.13.12",
                "moveable": "^0.53.0",
                "nouislider": "^15.8.1",
                "rangy": "^1.3.1",
                "slick-carousel": "^1.8.1",
                "swiper": "^11.1.14",
                "tinymce": "^7.3.0",
                "xss": "^1.0.15"
            },
            "devDependencies": {
                "webfontloader": "^1.6.28"
            }
        },
        "node_modules/@cfcs/core": {
            "version": "0.0.6",
            "resolved": "https://registry.npmjs.org/@cfcs/core/-/core-0.0.6.tgz",
            "integrity": "sha512-FxfJMwoLB8MEMConeXUCqtMGqxdtePQxRBOiGip9ULcYYam3WfCgoY6xdnMaSkYvRvmosp5iuG+TiPofm65+Pw==",
            "dependencies": {
                "@egjs/component": "^3.0.2"
            }
        },
        "node_modules/@daybrush/utils": {
            "version": "1.13.0",
            "resolved": "https://registry.npmjs.org/@daybrush/utils/-/utils-1.13.0.tgz",
            "integrity": "sha512-ALK12C6SQNNHw1enXK+UO8bdyQ+jaWNQ1Af7Z3FNxeAwjYhQT7do+TRE4RASAJ3ObaS2+TJ7TXR3oz2Gzbw0PQ=="
        },
        "node_modules/@egjs/agent": {
            "version": "2.4.4",
            "resolved": "https://registry.npmjs.org/@egjs/agent/-/agent-2.4.4.tgz",
            "integrity": "sha512-cvAPSlUILhBBOakn2krdPnOGv5hAZq92f1YHxYcfu0p7uarix2C6Ia3AVizpS1SGRZGiEkIS5E+IVTLg1I2Iog=="
        },
        "node_modules/@egjs/children-differ": {
            "version": "1.0.1",
            "resolved": "https://registry.npmjs.org/@egjs/children-differ/-/children-differ-1.0.1.tgz",
            "integrity": "sha512-DRvyqMf+CPCOzAopQKHtW+X8iN6Hy6SFol+/7zCUiE5y4P/OB8JP8FtU4NxtZwtafvSL4faD5KoQYPj3JHzPFQ==",
            "dependencies": {
                "@egjs/list-differ": "^1.0.0"
            }
        },
        "node_modules/@egjs/component": {
            "version": "3.0.5",
            "resolved": "https://registry.npmjs.org/@egjs/component/-/component-3.0.5.tgz",
            "integrity": "sha512-cLcGizTrrUNA2EYE3MBmEDt2tQv1joVP1Q3oDisZ5nw0MZDx2kcgEXM+/kZpfa/PAkFvYVhRUZwytIQWoN3V/w=="
        },
        "node_modules/@egjs/list-differ": {
            "version": "1.0.1",
            "resolved": "https://registry.npmjs.org/@egjs/list-differ/-/list-differ-1.0.1.tgz",
            "integrity": "sha512-OTFTDQcWS+1ZREOdCWuk5hCBgYO4OsD30lXcOCyVOAjXMhgL5rBRDnt/otb6Nz8CzU0L/igdcaQBDLWc4t9gvg=="
        },
        "node_modules/@mdi/font": {
            "version": "7.4.47",
            "resolved": "https://registry.npmjs.org/@mdi/font/-/font-7.4.47.tgz",
            "integrity": "sha512-43MtGpd585SNzHZPcYowu/84Vz2a2g31TvPMTm9uTiCSWzaheQySUcSyUH/46fPnuPQWof2yd0pGBtzee/IQWw=="
        },
        "node_modules/@scena/dragscroll": {
            "version": "1.4.0",
            "resolved": "https://registry.npmjs.org/@scena/dragscroll/-/dragscroll-1.4.0.tgz",
            "integrity": "sha512-3O8daaZD9VXA9CP3dra6xcgt/qrm0mg0xJCwiX6druCteQ9FFsXffkF8PrqxY4Z4VJ58fFKEa0RlKqbsi/XnRA==",
            "dependencies": {
                "@daybrush/utils": "^1.6.0",
                "@scena/event-emitter": "^1.0.2"
            }
        },
        "node_modules/@scena/event-emitter": {
            "version": "1.0.5",
            "resolved": "https://registry.npmjs.org/@scena/event-emitter/-/event-emitter-1.0.5.tgz",
            "integrity": "sha512-AzY4OTb0+7ynefmWFQ6hxDdk0CySAq/D4efljfhtRHCOP7MBF9zUfhKG3TJiroVjASqVgkRJFdenS8ArZo6Olg==",
            "dependencies": {
                "@daybrush/utils": "^1.1.1"
            }
        },
        "node_modules/@scena/matrix": {
            "version": "1.1.1",
            "resolved": "https://registry.npmjs.org/@scena/matrix/-/matrix-1.1.1.tgz",
            "integrity": "sha512-JVKBhN0tm2Srl+Yt+Ywqu0oLgLcdemDQlD1OxmN9jaCTwaFPZ7tY8n6dhVgMEaR9qcR7r+kAlMXnSfNyYdE+Vg==",
            "dependencies": {
                "@daybrush/utils": "^1.4.0"
            }
        },
        "node_modules/@types/codemirror": {
            "version": "5.60.15",
            "resolved": "https://registry.npmjs.org/@types/codemirror/-/codemirror-5.60.15.tgz",
            "integrity": "sha512-dTOvwEQ+ouKJ/rE9LT1Ue2hmP6H1mZv5+CCnNWu2qtiOe2LQa9lCprEY20HxiDmV/Bxh+dXjywmy5aKvoGjULA==",
            "dependencies": {
                "@types/tern": "*"
            }
        },
        "node_modules/@types/estree": {
            "version": "1.0.6",
            "resolved": "https://registry.npmjs.org/@types/estree/-/estree-1.0.6.tgz",
            "integrity": "sha512-AYnb1nQyY49te+VRAVgmzfcgjYS91mY5P0TKUDCLEM+gNnA+3T6rWITXRLYCpahpqSQbN5cE+gHpnPyXjHWxcw=="
        },
        "node_modules/@types/marked": {
            "version": "4.3.2",
            "resolved": "https://registry.npmjs.org/@types/marked/-/marked-4.3.2.tgz",
            "integrity": "sha512-a79Yc3TOk6dGdituy8hmTTJXjOkZ7zsFYV10L337ttq/rec8lRMDBpV7fL3uLx6TgbFCa5DU/h8FmIBQPSbU0w=="
        },
        "node_modules/@types/tern": {
            "version": "0.23.9",
            "resolved": "https://registry.npmjs.org/@types/tern/-/tern-0.23.9.tgz",
            "integrity": "sha512-ypzHFE/wBzh+BlH6rrBgS5I/Z7RD21pGhZ2rltb/+ZrVM1awdZwjx7hE5XfuYgHWk9uvV5HLZN3SloevCAp3Bw==",
            "dependencies": {
                "@types/estree": "*"
            }
        },
        "node_modules/@types/trusted-types": {
            "version": "2.0.7",
            "resolved": "https://registry.npmjs.org/@types/trusted-types/-/trusted-types-2.0.7.tgz",
            "integrity": "sha512-ScaPdn1dQczgbl0QFTeTOmVHFULt394XJgOQNoyVhZ6r2vLnMLJfBPd53SB52T/3G36VI1/g2MZaX0cwDuXsfw==",
            "optional": true
        },
        "node_modules/async-alpine": {
            "version": "2.0.1",
            "resolved": "https://registry.npmjs.org/async-alpine/-/async-alpine-2.0.1.tgz",
            "integrity": "sha512-aDvwVK8xxacLcAVzYPkQ1K7SV88+vk6UXk/ddF9LA0SpKu7XTZacOZJZp6lvRWVtomq1Xd0LQtRUQPNe8BU+qw=="
        },
        "node_modules/bootstrap-datepicker": {
            "version": "1.10.0",
            "resolved": "https://registry.npmjs.org/bootstrap-datepicker/-/bootstrap-datepicker-1.10.0.tgz",
            "integrity": "sha512-lWxtSYddAQOpbAO8UhYhHLcK6425eWoSjb5JDvZU3ePHEPF6A3eUr51WKaFy4PccU19JRxUG6wEU3KdhtKfvpg==",
            "dependencies": {
                "jquery": ">=3.4.0 <4.0.0"
            }
        },
        "node_modules/bxslider": {
            "version": "4.2.17",
            "resolved": "https://registry.npmjs.org/bxslider/-/bxslider-4.2.17.tgz",
            "integrity": "sha512-FaYRFl4vegopkChYJEfHS504VtIc+x+2r8i3oUvDkumgYqHTlNu0H1VPP9m8kFW447CXpp9RddLFxCy/qCWJhg==",
            "engines": {
                "node": ">=0.10.28"
            }
        },
        "node_modules/codemirror": {
            "version": "5.65.18",
            "resolved": "https://registry.npmjs.org/codemirror/-/codemirror-5.65.18.tgz",
            "integrity": "sha512-Gaz4gHnkbHMGgahNt3CA5HBk5lLQBqmD/pBgeB4kQU6OedZmqMBjlRF0LSrp2tJ4wlLNPm2FfaUd1pDy0mdlpA=="
        },
        "node_modules/codemirror-spell-checker": {
            "version": "1.1.2",
            "resolved": "https://registry.npmjs.org/codemirror-spell-checker/-/codemirror-spell-checker-1.1.2.tgz",
            "integrity": "sha512-2Tl6n0v+GJRsC9K3MLCdLaMOmvWL0uukajNJseorZJsslaxZyZMgENocPU8R0DyoTAiKsyqiemSOZo7kjGV0LQ==",
            "dependencies": {
                "typo-js": "*"
            }
        },
        "node_modules/croact": {
            "version": "1.0.4",
            "resolved": "https://registry.npmjs.org/croact/-/croact-1.0.4.tgz",
            "integrity": "sha512-9GhvyzTY/IVUrMQ2iz/mzgZ8+NcjczmIo/t4FkC1CU0CEcau6v6VsEih4jkTa4ZmRgYTF0qXEZLObCzdDFplpw==",
            "dependencies": {
                "@daybrush/utils": "^1.13.0",
                "@egjs/list-differ": "^1.0.0"
            }
        },
        "node_modules/croact-css-styled": {
            "version": "1.1.9",
            "resolved": "https://registry.npmjs.org/croact-css-styled/-/croact-css-styled-1.1.9.tgz",
            "integrity": "sha512-G7yvRiVJ3Eoj0ov2h2xR4312hpOzATay2dGS9clK8yJQothjH1sBXIyvOeRP5wBKD9mPcKcoUXPCPsl0tQog4w==",
            "dependencies": {
                "@daybrush/utils": "^1.13.0",
                "css-styled": "~1.0.8",
                "framework-utils": "^1.1.0"
            }
        },
        "node_modules/croact-moveable": {
            "version": "0.9.0",
            "resolved": "https://registry.npmjs.org/croact-moveable/-/croact-moveable-0.9.0.tgz",
            "integrity": "sha512-fc3bieV6CdqqZFtzsSLi9KmvUMFW3oakUfhPCls1BxKjOfUfn8rktteGED2341A/Qghy8tI3Hm6SdocIc68IKg==",
            "dependencies": {
                "@daybrush/utils": "^1.13.0",
                "@egjs/agent": "^2.2.1",
                "@egjs/children-differ": "^1.0.1",
                "@egjs/list-differ": "^1.0.0",
                "@scena/dragscroll": "^1.4.0",
                "@scena/event-emitter": "^1.0.5",
                "@scena/matrix": "^1.1.1",
                "croact-css-styled": "^1.1.9",
                "css-to-mat": "^1.1.1",
                "framework-utils": "^1.1.0",
                "gesto": "^1.19.3",
                "overlap-area": "^1.1.0",
                "react-css-styled": "^1.1.9",
                "react-moveable": "~0.56.0"
            },
            "peerDependencies": {
                "croact": "^1.0.4"
            }
        },
        "node_modules/css-styled": {
            "version": "1.0.8",
            "resolved": "https://registry.npmjs.org/css-styled/-/css-styled-1.0.8.tgz",
            "integrity": "sha512-tCpP7kLRI8dI95rCh3Syl7I+v7PP+2JYOzWkl0bUEoSbJM+u8ITbutjlQVf0NC2/g4ULROJPi16sfwDIO8/84g==",
            "dependencies": {
                "@daybrush/utils": "^1.13.0"
            }
        },
        "node_modules/css-to-mat": {
            "version": "1.1.1",
            "resolved": "https://registry.npmjs.org/css-to-mat/-/css-to-mat-1.1.1.tgz",
            "integrity": "sha512-kvpxFYZb27jRd2vium35G7q5XZ2WJ9rWjDUMNT36M3Hc41qCrLXFM5iEKMGXcrPsKfXEN+8l/riB4QzwwwiEyQ==",
            "dependencies": {
                "@daybrush/utils": "^1.13.0",
                "@scena/matrix": "^1.0.0"
            }
        },
        "node_modules/cssfilter": {
            "version": "0.0.10",
            "resolved": "https://registry.npmjs.org/cssfilter/-/cssfilter-0.0.10.tgz",
            "integrity": "sha512-FAaLDaplstoRsDR8XGYH51znUN0UY7nMc6Z9/fvE8EXGwvJE9hu7W2vHwx1+bd6gCYnln9nLbzxFTrcO9YQDZw=="
        },
        "node_modules/desandro-matches-selector": {
            "version": "2.0.2",
            "resolved": "https://registry.npmjs.org/desandro-matches-selector/-/desandro-matches-selector-2.0.2.tgz",
            "integrity": "sha512-+1q0nXhdzg1IpIJdMKalUwvvskeKnYyEe3shPRwedNcWtnhEKT3ZxvFjzywHDeGcKViIxTCAoOYQWP1qD7VNyg=="
        },
        "node_modules/dompurify": {
            "version": "3.2.6",
            "resolved": "https://registry.npmjs.org/dompurify/-/dompurify-3.2.6.tgz",
            "integrity": "sha512-/2GogDQlohXPZe6D6NOgQvXLPSYBqIWMnZ8zzOhn09REE4eyAzb+Hed3jhoM9OkuaJ8P6ZGTTVWQKAi8ieIzfQ==",
            "optionalDependencies": {
                "@types/trusted-types": "^2.0.7"
            }
        },
        "node_modules/easymde": {
            "version": "2.18.0",
            "resolved": "https://registry.npmjs.org/easymde/-/easymde-2.18.0.tgz",
            "integrity": "sha512-IxVVUxNWIoXLeqtBU4BLc+eS/ScYhT1Dcb6yF5Wchoj1iXAV+TIIDWx+NCaZhY7RcSHqDPKllbYq7nwGKILnoA==",
            "dependencies": {
                "@types/codemirror": "^5.60.4",
                "@types/marked": "^4.0.7",
                "codemirror": "^5.63.1",
                "codemirror-spell-checker": "1.1.2",
                "marked": "^4.1.0"
            }
        },
        "node_modules/ev-emitter": {
            "version": "1.1.1",
            "resolved": "https://registry.npmjs.org/ev-emitter/-/ev-emitter-1.1.1.tgz",
            "integrity": "sha512-ipiDYhdQSCZ4hSbX4rMW+XzNKMD1prg/sTvoVmSLkuQ1MVlwjJQQA+sW8tMYR3BLUr9KjodFV4pvzunvRhd33Q=="
        },
        "node_modules/fizzy-ui-utils": {
            "version": "2.0.7",
            "resolved": "https://registry.npmjs.org/fizzy-ui-utils/-/fizzy-ui-utils-2.0.7.tgz",
            "integrity": "sha512-CZXDVXQ1If3/r8s0T+v+qVeMshhfcuq0rqIFgJnrtd+Bu8GmDmqMjntjUePypVtjHXKJ6V4sw9zeyox34n9aCg==",
            "dependencies": {
                "desandro-matches-selector": "^2.0.0"
            }
        },
        "node_modules/flag-icons": {
            "version": "7.2.3",
            "resolved": "https://registry.npmjs.org/flag-icons/-/flag-icons-7.2.3.tgz",
            "integrity": "sha512-X2gUdteNuqdNqob2KKTJTS+ZCvyWeLCtDz9Ty8uJP17Y4o82Y+U/Vd4JNrdwTAjagYsRznOn9DZ+E/Q52qbmqg=="
        },
        "node_modules/framework-utils": {
            "version": "1.1.0",
            "resolved": "https://registry.npmjs.org/framework-utils/-/framework-utils-1.1.0.tgz",
            "integrity": "sha512-KAfqli5PwpFJ8o3psRNs8svpMGyCSAe8nmGcjQ0zZBWN2H6dZDnq+ABp3N3hdUmFeMrLtjOCTXD4yplUJIWceg=="
        },
        "node_modules/fs-extra": {
            "version": "11.2.0",
            "resolved": "https://registry.npmjs.org/fs-extra/-/fs-extra-11.2.0.tgz",
            "integrity": "sha512-PmDi3uwK5nFuXh7XDTlVnS17xJS7vW36is2+w3xcv8SVxiB4NyATf4ctkVY5bkSjX0Y4nbvZCq1/EjtEyr9ktw==",
            "dependencies": {
                "graceful-fs": "^4.2.0",
                "jsonfile": "^6.0.1",
                "universalify": "^2.0.0"
            },
            "engines": {
                "node": ">=14.14"
            }
        },
        "node_modules/gesto": {
            "version": "1.19.4",
            "resolved": "https://registry.npmjs.org/gesto/-/gesto-1.19.4.tgz",
            "integrity": "sha512-hfr/0dWwh0Bnbb88s3QVJd1ZRJeOWcgHPPwmiH6NnafDYvhTsxg+SLYu+q/oPNh9JS3V+nlr6fNs8kvPAtcRDQ==",
            "dependencies": {
                "@daybrush/utils": "^1.13.0",
                "@scena/event-emitter": "^1.0.2"
            }
        },
        "node_modules/get-size": {
            "version": "2.0.3",
            "resolved": "https://registry.npmjs.org/get-size/-/get-size-2.0.3.tgz",
            "integrity": "sha512-lXNzT/h/dTjTxRbm9BXb+SGxxzkm97h/PCIKtlN/CBCxxmkkIVV21udumMS93MuVTDX583gqc94v3RjuHmI+2Q=="
        },
        "node_modules/graceful-fs": {
            "version": "4.2.11",
            "resolved": "https://registry.npmjs.org/graceful-fs/-/graceful-fs-4.2.11.tgz",
            "integrity": "sha512-RbJ5/jmFcNNCcDV5o9eTnBLJ/HszWV0P73bc+Ff4nS/rJj+YaS6IGyiOL0VoBYX+l1Wrl3k63h/KrH+nhJ0XvQ=="
        },
        "node_modules/highlight.js": {
            "version": "11.10.0",
            "resolved": "https://registry.npmjs.org/highlight.js/-/highlight.js-11.10.0.tgz",
            "integrity": "sha512-SYVnVFswQER+zu1laSya563s+F8VDGt7o35d4utbamowvUNLLMovFqwCLSocpZTz3MgaSRA1IbqRWZv97dtErQ==",
            "engines": {
                "node": ">=12.0.0"
            }
        },
        "node_modules/jquery": {
            "version": "3.7.1",
            "resolved": "https://registry.npmjs.org/jquery/-/jquery-3.7.1.tgz",
            "integrity": "sha512-m4avr8yL8kmFN8psrbFFFmB/If14iN5o9nw/NgnnM+kybDJpRsAynV2BsfpTYrTRysYUdADVD7CkUUizgkpLfg=="
        },
        "node_modules/jquery-ui": {
            "version": "1.14.1",
            "resolved": "https://registry.npmjs.org/jquery-ui/-/jquery-ui-1.14.1.tgz",
            "integrity": "sha512-DhzsYH8VeIvOaxwi+B/2BCsFFT5EGjShdzOcm5DssWjtcpGWIMsn66rJciDA6jBruzNiLf1q0KvwMoX1uGNvnQ==",
            "dependencies": {
                "jquery": ">=1.12.0 <5.0.0"
            }
        },
        "node_modules/jsonfile": {
            "version": "6.1.0",
            "resolved": "https://registry.npmjs.org/jsonfile/-/jsonfile-6.1.0.tgz",
            "integrity": "sha512-5dgndWOriYSm5cnYaJNhalLNDKOqFwyDB/rr1E9ZsGciGvKPs8R2xYGCacuf3z6K1YKDz182fd+fY3cn3pMqXQ==",
            "dependencies": {
                "universalify": "^2.0.0"
            },
            "optionalDependencies": {
                "graceful-fs": "^4.1.6"
            }
        },
        "node_modules/keycode": {
            "version": "2.2.1",
            "resolved": "https://registry.npmjs.org/keycode/-/keycode-2.2.1.tgz",
            "integrity": "sha512-Rdgz9Hl9Iv4QKi8b0OlCRQEzp4AgVxyCtz5S/+VIHezDmrDhkp2N2TqBWOLz0/gbeREXOOiI9/4b8BY9uw2vFg=="
        },
        "node_modules/keycon": {
            "version": "1.4.0",
            "resolved": "https://registry.npmjs.org/keycon/-/keycon-1.4.0.tgz",
            "integrity": "sha512-p1NAIxiRMH3jYfTeXRs2uWbVJ1WpEjpi8ktzUyBJsX7/wn2qu2VRXktneBLNtKNxJmlUYxRi9gOJt1DuthXR7A==",
            "dependencies": {
                "@cfcs/core": "^0.0.6",
                "@daybrush/utils": "^1.7.1",
                "@scena/event-emitter": "^1.0.2",
                "keycode": "^2.2.0"
            }
        },
        "node_modules/marked": {
            "version": "4.3.0",
            "resolved": "https://registry.npmjs.org/marked/-/marked-4.3.0.tgz",
            "integrity": "sha512-PRsaiG84bK+AMvxziE/lCFss8juXjNaWzVbN5tXAm4XjeaS9NAHhop+PjQxz2A9h8Q4M/xGmzP8vqNwy6JeK0A==",
            "bin": {
                "marked": "bin/marked.js"
            },
            "engines": {
                "node": ">= 12"
            }
        },
        "node_modules/masonry-layout": {
            "version": "4.2.2",
            "resolved": "https://registry.npmjs.org/masonry-layout/-/masonry-layout-4.2.2.tgz",
            "integrity": "sha512-iGtAlrpHNyxaR19CvKC3npnEcAwszXoyJiI8ARV2ePi7fmYhIud25MHK8Zx4P0LCC4d3TNO9+rFa1KoK1OEOaA==",
            "dependencies": {
                "get-size": "^2.0.2",
                "outlayer": "^2.1.0"
            }
        },
        "node_modules/material-icons": {
            "version": "1.13.12",
            "resolved": "https://registry.npmjs.org/material-icons/-/material-icons-1.13.12.tgz",
            "integrity": "sha512-/2YoaB79IjUK2B2JB+vIXXYGtBfHb/XG66LvoKVM5ykHW7yfrV5SP6d7KLX6iijY6/G9GqwgtPQ/sbhFnOURVA=="
        },
        "node_modules/moveable": {
            "version": "0.53.0",
            "resolved": "https://registry.npmjs.org/moveable/-/moveable-0.53.0.tgz",
            "integrity": "sha512-71jS9zIoQzMhnNvduhg4tUEdm23+fO/40FN7muVMbZvVwbTku2MIxxLhnU4qFvxI4oVxn75l79SbtgjuA+s7Pw==",
            "dependencies": {
                "@daybrush/utils": "^1.13.0",
                "@scena/event-emitter": "^1.0.5",
                "croact": "^1.0.4",
                "croact-moveable": "~0.9.0",
                "react-moveable": "~0.56.0"
            }
        },
        "node_modules/nouislider": {
            "version": "15.8.1",
            "resolved": "https://registry.npmjs.org/nouislider/-/nouislider-15.8.1.tgz",
            "integrity": "sha512-93TweAi8kqntHJSPiSWQ1o/uZ29VWOmal9YKb6KKGGlCkugaNfAupT7o1qTHqdJvNQ7S0su5rO6qRFCjP8fxtw=="
        },
        "node_modules/outlayer": {
            "version": "2.1.1",
            "resolved": "https://registry.npmjs.org/outlayer/-/outlayer-2.1.1.tgz",
            "integrity": "sha512-+GplXsCQ3VrbGujAeHEzP9SXsBmJxzn/YdDSQZL0xqBmAWBmortu2Y9Gwdp9J0bgDQ8/YNIPMoBM13nTwZfAhw==",
            "dependencies": {
                "ev-emitter": "^1.0.0",
                "fizzy-ui-utils": "^2.0.0",
                "get-size": "^2.0.2"
            }
        },
        "node_modules/overlap-area": {
            "version": "1.1.0",
            "resolved": "https://registry.npmjs.org/overlap-area/-/overlap-area-1.1.0.tgz",
            "integrity": "sha512-3dlJgJCaVeXH0/eZjYVJvQiLVVrPO4U1ZGqlATtx6QGO3b5eNM6+JgUKa7oStBTdYuGTk7gVoABCW6Tp+dhRdw==",
            "dependencies": {
                "@daybrush/utils": "^1.7.1"
            }
        },
        "node_modules/rangy": {
            "version": "1.3.2",
            "resolved": "https://registry.npmjs.org/rangy/-/rangy-1.3.2.tgz",
            "integrity": "sha512-fS1C4MOyk8T+ZJZdLcgrukPWxkyDXa+Hd2Kj+Zg4wIK71yrWgmjzHubzPMY1G+WD9EgGxMp3fIL0zQ1ickmSWA=="
        },
        "node_modules/react-css-styled": {
            "version": "1.1.9",
            "resolved": "https://registry.npmjs.org/react-css-styled/-/react-css-styled-1.1.9.tgz",
            "integrity": "sha512-M7fJZ3IWFaIHcZEkoFOnkjdiUFmwd8d+gTh2bpqMOcnxy/0Gsykw4dsL4QBiKsxcGow6tETUa4NAUcmJF+/nfw==",
            "dependencies": {
                "css-styled": "~1.0.8",
                "framework-utils": "^1.1.0"
            }
        },
        "node_modules/react-moveable": {
            "version": "0.56.0",
            "resolved": "https://registry.npmjs.org/react-moveable/-/react-moveable-0.56.0.tgz",
            "integrity": "sha512-FmJNmIOsOA36mdxbrc/huiE4wuXSRlmon/o+/OrfNhSiYYYL0AV5oObtPluEhb2Yr/7EfYWBHTxF5aWAvjg1SA==",
            "dependencies": {
                "@daybrush/utils": "^1.13.0",
                "@egjs/agent": "^2.2.1",
                "@egjs/children-differ": "^1.0.1",
                "@egjs/list-differ": "^1.0.0",
                "@scena/dragscroll": "^1.4.0",
                "@scena/event-emitter": "^1.0.5",
                "@scena/matrix": "^1.1.1",
                "css-to-mat": "^1.1.1",
                "framework-utils": "^1.1.0",
                "gesto": "^1.19.3",
                "overlap-area": "^1.1.0",
                "react-css-styled": "^1.1.9",
                "react-selecto": "^1.25.0"
            }
        },
        "node_modules/react-selecto": {
            "version": "1.26.3",
            "resolved": "https://registry.npmjs.org/react-selecto/-/react-selecto-1.26.3.tgz",
            "integrity": "sha512-Ubik7kWSnZyQEBNro+1k38hZaI1tJarE+5aD/qsqCOA1uUBSjgKVBy3EWRzGIbdmVex7DcxznFZLec/6KZNvwQ==",
            "dependencies": {
                "selecto": "~1.26.3"
            }
        },
        "node_modules/selecto": {
            "version": "1.26.3",
            "resolved": "https://registry.npmjs.org/selecto/-/selecto-1.26.3.tgz",
            "integrity": "sha512-gZHgqMy5uyB6/2YDjv3Qqaf7bd2hTDOpPdxXlrez4R3/L0GiEWDCFaUfrflomgqdb3SxHF2IXY0Jw0EamZi7cw==",
            "dependencies": {
                "@daybrush/utils": "^1.13.0",
                "@egjs/children-differ": "^1.0.1",
                "@scena/dragscroll": "^1.4.0",
                "@scena/event-emitter": "^1.0.5",
                "css-styled": "^1.0.8",
                "css-to-mat": "^1.1.1",
                "framework-utils": "^1.1.0",
                "gesto": "^1.19.4",
                "keycon": "^1.2.0",
                "overlap-area": "^1.1.0"
            }
        },
        "node_modules/slick-carousel": {
            "version": "1.8.1",
            "resolved": "https://registry.npmjs.org/slick-carousel/-/slick-carousel-1.8.1.tgz",
            "integrity": "sha512-XB9Ftrf2EEKfzoQXt3Nitrt/IPbT+f1fgqBdoxO3W/+JYvtEOW6EgxnWfr9GH6nmULv7Y2tPmEX3koxThVmebA==",
            "peerDependencies": {
                "jquery": ">=1.8.0"
            }
        },
        "node_modules/swiper": {
            "version": "11.1.14",
            "resolved": "https://registry.npmjs.org/swiper/-/swiper-11.1.14.tgz",
            "integrity": "sha512-VbQLQXC04io6AoAjIUWuZwW4MSYozkcP9KjLdrsG/00Q/yiwvhz9RQyt0nHXV10hi9NVnDNy1/wv7Dzq1lkOCQ==",
            "funding": [
                {
                    "type": "patreon",
                    "url": "https://www.patreon.com/swiperjs"
                },
                {
                    "type": "open_collective",
                    "url": "http://opencollective.com/swiper"
                }
            ],
            "engines": {
                "node": ">= 4.7.0"
            }
        },
        "node_modules/tinymce": {
            "version": "7.5.0",
            "resolved": "https://registry.npmjs.org/tinymce/-/tinymce-7.5.0.tgz",
            "integrity": "sha512-A7iuQPIfeze5rO6bvnnPwP7TiWnPA9AGr8U/9ssLwrEG+FMYPzvLPt3RT8ktVn/wPSJkVBBSLCAZX2dAHb8YEA=="
        },
        "node_modules/typo-js": {
            "version": "1.2.5",
            "resolved": "https://registry.npmjs.org/typo-js/-/typo-js-1.2.5.tgz",
            "integrity": "sha512-F45vFWdGX8xahIk/sOp79z2NJs8ETMYsmMChm9D5Hlx3+9j7VnCyQyvij5MOCrNY3NNe8noSyokRjQRfq+Bc7A=="
        },
        "node_modules/universalify": {
            "version": "2.0.1",
            "resolved": "https://registry.npmjs.org/universalify/-/universalify-2.0.1.tgz",
            "integrity": "sha512-gptHNQghINnc/vTGIk0SOFGFNXw7JVrlRUtConJRlvaw6DuX0wO5Jeko9sWrMBhh+PsYAZ7oXAiOnf/UKogyiw==",
            "engines": {
                "node": ">= 10.0.0"
            }
        },
        "node_modules/webfontloader": {
            "version": "1.6.28",
            "resolved": "https://registry.npmjs.org/webfontloader/-/webfontloader-1.6.28.tgz",
            "integrity": "sha512-Egb0oFEga6f+nSgasH3E0M405Pzn6y3/9tOVanv/DLfa1YBIgcv90L18YyWnvXkRbIM17v5Kv6IT2N6g1x5tvQ==",
            "dev": true,
            "license": "Apache-2.0"
        },
        "node_modules/xss": {
            "version": "1.0.15",
            "resolved": "https://registry.npmjs.org/xss/-/xss-1.0.15.tgz",
            "integrity": "sha512-FVdlVVC67WOIPvfOwhoMETV72f6GbW7aOabBC3WxN/oUdoEMDyLz4OgRv5/gck2ZeNqEQu+Tb0kloovXOfpYVg==",
            "dependencies": {
                "commander": "^2.20.3",
                "cssfilter": "0.0.10"
            },
            "bin": {
                "xss": "bin/xss"
            },
            "engines": {
                "node": ">= 0.10.0"
            }
        },
        "node_modules/xss/node_modules/commander": {
            "version": "2.20.3",
            "resolved": "https://registry.npmjs.org/commander/-/commander-2.20.3.tgz",
            "integrity": "sha512-GpVkmM8vF2vQUkj2LvZmD35JxeJOLCwJ9cUkugyk2nuhbv3+mJvpLYYt+0+USMxE+oj+ey/lJEnhZw75x/OMcQ=="
        }
    }
}
